github.com/FaturFawkes/go-say-hello v1.0.0 h1:8MO6zrMhwZ9fKy5v1mrs2T8qJaLYgGDDok54iQOnR1M=
github.com/FaturFawkes/go-say-hello v1.0.0/go.mod h1:1q2xmyDvXIBnjzzQh/f36Ztahbu4ITj38rmPPP6vuXA=
github.com/FaturFawkes/go-say-hello v1.5.0 h1:0vcHIg65uf9ltSTpjMWKmQspBtXBT3Rek9oLsdaiNIY=
github.com/FaturFawkes/go-say-hello v1.5.0/go.mod h1:1q2xmyDvXIBnjzzQh/f36Ztahbu4ITj38rmPPP6vuXA=
github.com/FaturFawkes/go-say-hello/v2 v2.0.0 h1:J6H4/8uhK6tiwR29FY15t14BSumBTuSDJC02PtUpHqE=
github.com/FaturFawkes/go-say-hello/v2 v2.0.0/go.mod h1:VSdHdIoYztE/kmmmFhd1rMVrS8uv7Ir5XrRWGQfq/MY=
